// !$*UTF8*$!
{
	archiveVersion = 1;
	classes = {
	};
	objectVersion = 50;
	objects = {

/* Begin PBXBuildFile section */
		613BE4BC24C30B3A00CFB075 /* AppDelegate.swift in Sources */ = {isa = PBXBuildFile; fileRef = 613BE4BB24C30B3A00CFB075 /* AppDelegate.swift */; };
		613BE4BE24C30B3A00CFB075 /* SceneDelegate.swift in Sources */ = {isa = PBXBuildFile; fileRef = 613BE4BD24C30B3A00CFB075 /* SceneDelegate.swift */; };
		613BE4C024C30B3A00CFB075 /* HomeViewController.swift in Sources */ = {isa = PBXBuildFile; fileRef = 613BE4BF24C30B3A00CFB075 /* HomeViewController.swift */; };
		613BE4C324C30B3A00CFB075 /* Main.storyboard in Resources */ = {isa = PBXBuildFile; fileRef = 613BE4C124C30B3A00CFB075 /* Main.storyboard */; };
		613BE4C624C30B3A00CFB075 /* Mofakerty.xcdatamodeld in Sources */ = {isa = PBXBuildFile; fileRef = 613BE4C424C30B3A00CFB075 /* Mofakerty.xcdatamodeld */; };
		613BE4C824C30B3F00CFB075 /* Assets.xcassets in Resources */ = {isa = PBXBuildFile; fileRef = 613BE4C724C30B3F00CFB075 /* Assets.xcassets */; };
		613BE4CB24C30B3F00CFB075 /* LaunchScreen.storyboard in Resources */ = {isa = PBXBuildFile; fileRef = 613BE4C924C30B3F00CFB075 /* LaunchScreen.storyboard */; };
		613BE4D624C30B3F00CFB075 /* MofakertyTests.swift in Sources */ = {isa = PBXBuildFile; fileRef = 613BE4D524C30B3F00CFB075 /* MofakertyTests.swift */; };
		613BE4E124C3114F00CFB075 /* Note.swift in Sources */ = {isa = PBXBuildFile; fileRef = 613BE4E024C3114F00CFB075 /* Note.swift */; };
		613BE4E324C315F300CFB075 /* NoteAddingAndEditingViewController.swift in Sources */ = {isa = PBXBuildFile; fileRef = 613BE4E224C315F300CFB075 /* NoteAddingAndEditingViewController.swift */; };
/* End PBXBuildFile section */

/* Begin PBXContainerItemProxy section */
		613BE4D224C30B3F00CFB075 /* PBXContainerItemProxy */ = {
			isa = PBXContainerItemProxy;
			containerPortal = 613BE4B024C30B3A00CFB075 /* Project object */;
			proxyType = 1;
			remoteGlobalIDString = 613BE4B724C30B3A00CFB075;
			remoteInfo = Mofakerty;
		};
/* End PBXContainerItemProxy section */

/* Begin PBXFileReference section */
		613BE4B824C30B3A00CFB075 /* Mofakerty.app */ = {isa = PBXFileReference; explicitFileType = wrapper.application; includeInIndex = 0; path = Mofakerty.app; sourceTree = BUILT_PRODUCTS_DIR; };
		613BE4BB24C30B3A00CFB075 /* AppDelegate.swift */ = {isa = PBXFileReference; lastKnownFileType = sourcecode.swift; path = AppDelegate.swift; sourceTree = "<group>"; };
		613BE4BD24C30B3A00CFB075 /* SceneDelegate.swift */ = {isa = PBXFileReference; lastKnownFileType = sourcecode.swift; path = SceneDelegate.swift; sourceTree = "<group>"; };
		613BE4BF24C30B3A00CFB075 /* HomeViewController.swift */ = {isa = PBXFileReference; lastKnownFileType = sourcecode.swift; path = HomeViewController.swift; sourceTree = "<group>"; };
		613BE4C224C30B3A00CFB075 /* Base */ = {isa = PBXFileReference; lastKnownFileType = file.storyboard; name = Base; path = Base.lproj/Main.storyboard; sourceTree = "<group>"; };
		613BE4C524C30B3A00CFB075 /* Mofakerty.xcdatamodel */ = {isa = PBXFileReference; lastKnownFileType = wrapper.xcdatamodel; path = Mofakerty.xcdatamodel; sourceTree = "<group>"; };
		613BE4C724C30B3F00CFB075 /* Assets.xcassets */ = {isa = PBXFileReference; lastKnownFileType = folder.assetcatalog; path = Assets.xcassets; sourceTree = "<group>"; };
		613BE4CA24C30B3F00CFB075 /* Base */ = {isa = PBXFileReference; lastKnownFileType = file.storyboard; name = Base; path = Base.lproj/LaunchScreen.storyboard; sourceTree = "<group>"; };
		613BE4CC24C30B3F00CFB075 /* Info.plist */ = {isa = PBXFileReference; lastKnownFileType = text.plist.xml; path = Info.plist; sourceTree = "<group>"; };
		613BE4D124C30B3F00CFB075 /* MofakertyTests.xctest */ = {isa = PBXFileReference; explicitFileType = wrapper.cfbundle; includeInIndex = 0; path = MofakertyTests.xctest; sourceTree = BUILT_PRODUCTS_DIR; };
		613BE4D524C30B3F00CFB075 /* MofakertyTests.swift */ = {isa = PBXFileReference; lastKnownFileType = sourcecode.swift; path = MofakertyTests.swift; sourceTree = "<group>"; };
		613BE4D724C30B3F00CFB075 /* Info.plist */ = {isa = PBXFileReference; lastKnownFileType = text.plist.xml; path = Info.plist; sourceTree = "<group>"; };
		613BE4E024C3114F00CFB075 /* Note.swift */ = {isa = PBXFileReference; lastKnownFileType = sourcecode.swift; path = Note.swift; sourceTree = "<group>"; };
		613BE4E224C315F300CFB075 /* NoteAddingAndEditingViewController.swift */ = {isa = PBXFileReference; lastKnownFileType = sourcecode.swift; path = NoteAddingAndEditingViewController.swift; sourceTree = "<group>"; };
/* End PBXFileReference section */

/* Begin PBXFrameworksBuildPhase section */
		613BE4B524C30B3A00CFB075 /* Frameworks */ = {
			isa = PBXFrameworksBuildPhase;
			buildActionMask = 2147483647;
			files = (
			);
			runOnlyForDeploymentPostprocessing = 0;
		};
		613BE4CE24C30B3F00CFB075 /* Frameworks */ = {
			isa = PBXFrameworksBuildPhase;
			buildActionMask = 2147483647;
			files = (
			);
			runOnlyForDeploymentPostprocessing = 0;
		};
/* End PBXFrameworksBuildPhase section */

/* Begin PBXGroup section */
		613BE4AF24C30B3A00CFB075 = {
			isa = PBXGroup;
			children = (
				613BE4BA24C30B3A00CFB075 /* Mofakerty */,
				613BE4D424C30B3F00CFB075 /* MofakertyTests */,
				613BE4B924C30B3A00CFB075 /* Products */,
			);
			sourceTree = "<group>";
		};
		613BE4B924C30B3A00CFB075 /* Products */ = {
			isa = PBXGroup;
			children = (
				613BE4B824C30B3A00CFB075 /* Mofakerty.app */,
				613BE4D124C30B3F00CFB075 /* MofakertyTests.xctest */,
			);
			name = Products;
			sourceTree = "<group>";
		};
		613BE4BA24C30B3A00CFB075 /* Mofakerty */ = {
			isa = PBXGroup;
			children = (
				613BE4E524C3160000CFB075 /* Model */,
				613BE4E424C315F800CFB075 /* Views */,
				613BE4BB24C30B3A00CFB075 /* AppDelegate.swift */,
				613BE4BD24C30B3A00CFB075 /* SceneDelegate.swift */,
				613BE4C124C30B3A00CFB075 /* Main.storyboard */,
				613BE4C724C30B3F00CFB075 /* Assets.xcassets */,
				613BE4C924C30B3F00CFB075 /* LaunchScreen.storyboard */,
				613BE4CC24C30B3F00CFB075 /* Info.plist */,
				613BE4C424C30B3A00CFB075 /* Mofakerty.xcdatamodeld */,
			);
			path = Mofakerty;
			sourceTree = "<group>";
		};
		613BE4D424C30B3F00CFB075 /* MofakertyTests */ = {
			isa = PBXGroup;
			children = (
				613BE4D524C30B3F00CFB075 /* MofakertyTests.swift */,
				613BE4D724C30B3F00CFB075 /* Info.plist */,
			);
			path = MofakertyTests;
			sourceTree = "<group>";
		};
		613BE4E424C315F800CFB075 /* Views */ = {
			isa = PBXGroup;
			children = (
				613BE4BF24C30B3A00CFB075 /* HomeViewController.swift */,
				613BE4E224C315F300CFB075 /* NoteAddingAndEditingViewController.swift */,
			);
			path = Views;
			sourceTree = "<group>";
		};
		613BE4E524C3160000CFB075 /* Model */ = {
			isa = PBXGroup;
			children = (
				613BE4E024C3114F00CFB075 /* Note.swift */,
			);
			path = Model;
			sourceTree = "<group>";
		};
/* End PBXGroup section */

/* Begin PBXNativeTarget section */
		613BE4B724C30B3A00CFB075 /* Mofakerty */ = {
			isa = PBXNativeTarget;
			buildConfigurationList = 613BE4DA24C30B3F00CFB075 /* Build configuration list for PBXNativeTarget "Mofakerty" */;
			buildPhases = (
				613BE4B424C30B3A00CFB075 /* Sources */,
				613BE4B524C30B3A00CFB075 /* Frameworks */,
				613BE4B624C30B3A00CFB075 /* Resources */,
			);
			buildRules = (
			);
			dependencies = (
			);
			name = Mofakerty;
			productName = Mofakerty;
			productReference = 613BE4B824C30B3A00CFB075 /* Mofakerty.app */;
			productType = "com.apple.product-type.application";
		};
		613BE4D024C30B3F00CFB075 /* MofakertyTests */ = {
			isa = PBXNativeTarget;
			buildConfigurationList = 613BE4DD24C30B3F00CFB075 /* Build configuration list for PBXNativeTarget "MofakertyTests" */;
			buildPhases = (
				613BE4CD24C30B3F00CFB075 /* Sources */,
				613BE4CE24C30B3F00CFB075 /* Frameworks */,
				613BE4CF24C30B3F00CFB075 /* Resources */,
			);
			buildRules = (
			);
			dependencies = (
				613BE4D324C30B3F00CFB075 /* PBXTargetDependency */,
			);
			name = MofakertyTests;
			productName = MofakertyTests;
			productReference = 613BE4D124C30B3F00CFB075 /* MofakertyTests.xctest */;
			productType = "com.apple.product-type.bundle.unit-test";
		};
/* End PBXNativeTarget section */

/* Begin PBXProject section */
		613BE4B024C30B3A00CFB075 /* Project object */ = {
			isa = PBXProject;
			attributes = {
				LastSwiftUpdateCheck = 1120;
				LastUpgradeCheck = 1120;
				ORGANIZATIONNAME = Studying;
				TargetAttributes = {
					613BE4B724C30B3A00CFB075 = {
						CreatedOnToolsVersion = 11.2.1;
					};
					613BE4D024C30B3F00CFB075 = {
						CreatedOnToolsVersion = 11.2.1;
						TestTargetID = 613BE4B724C30B3A00CFB075;
					};
				};
			};
			buildConfigurationList = 613BE4B324C30B3A00CFB075 /* Build configuration list for PBXProject "Mofakerty" */;
			compatibilityVersion = "Xcode 9.3";
			developmentRegion = en;
			hasScannedForEncodings = 0;
			knownRegions = (
				en,
				Base,
			);
			mainGroup = 613BE4AF24C30B3A00CFB075;
			productRefGroup = 613BE4B924C30B3A00CFB075 /* Products */;
			projectDirPath = "";
			projectRoot = "";
			targets = (
				613BE4B724C30B3A00CFB075 /* Mofakerty */,
				613BE4D024C30B3F00CFB075 /* MofakertyTests */,
			);
		};
/* End PBXProject section */

/* Begin PBXResourcesBuildPhase section */
		613BE4B624C30B3A00CFB075 /* Resources */ = {
			isa = PBXResourcesBuildPhase;
			buildActionMask = 2147483647;
			files = (
				613BE4CB24C30B3F00CFB075 /* LaunchScreen.storyboard in Resources */,
				613BE4C824C30B3F00CFB075 /* Assets.xcassets in Resources */,
				613BE4C324C30B3A00CFB075 /* Main.storyboard in Resources */,
			);
			runOnlyForDeploymentPostprocessing = 0;
		};
		613BE4CF24C30B3F00CFB075 /* Resources */ = {
			isa = PBXResourcesBuildPhase;
			buildActionMask = 2147483647;
			files = (
			);
			runOnlyForDeploymentPostprocessing = 0;
		};
/* End PBXResourcesBuildPhase section */

/* Begin PBXSourcesBuildPhase section */
		613BE4B424C30B3A00CFB075 /* Sources */ = {
			isa = PBXSourcesBuildPhase;
			buildActionMask = 2147483647;
			files = (
				613BE4E124C3114F00CFB075 /* Note.swift in Sources */,
				613BE4C624C30B3A00CFB075 /* Mofakerty.xcdatamodeld in Sources */,
				613BE4C024C30B3A00CFB075 /* HomeViewController.swift in Sources */,
				613BE4BC24C30B3A00CFB075 /* AppDelegate.swift in Sources */,
				613BE4E324C315F300CFB075 /* NoteAddingAndEditingViewController.swift in Sources */,
				613BE4BE24C30B3A00CFB075 /* SceneDelegate.swift in Sources */,
			);
			runOnlyForDeploymentPostprocessing = 0;
		};
		613BE4CD24C30B3F00CFB075 /* Sources */ = {
			isa = PBXSourcesBuildPhase;
			buildActionMask = 2147483647;
			files = (
				613BE4D624C30B3F00CFB075 /* MofakertyTests.swift in Sources */,
			);
			runOnlyForDeploymentPostprocessing = 0;
		};
/* End PBXSourcesBuildPhase section */

/* Begin PBXTargetDependency section */
		613BE4D324C30B3F00CFB075 /* PBXTargetDependency */ = {
			isa = PBXTargetDependency;
			target = 613BE4B724C30B3A00CFB075 /* Mofakerty */;
			targetProxy = 613BE4D224C30B3F00CFB075 /* PBXContainerItemProxy */;
		};
/* End PBXTargetDependency section */

/* Begin PBXVariantGroup section */
		613BE4C124C30B3A00CFB075 /* Main.storyboard */ = {
			isa = PBXVariantGroup;
			children = (
				613BE4C224C30B3A00CFB075 /* Base */,
			);
			name = Main.storyboard;
			sourceTree = "<group>";
		};
		613BE4C924C30B3F00CFB075 /* LaunchScreen.storyboard */ = {
			isa = PBXVariantGroup;
			children = (
				613BE4CA24C30B3F00CFB075 /* Base */,
			);
			name = LaunchScreen.storyboard;
			sourceTree = "<group>";
		};
/* End PBXVariantGroup section */

/* Begin XCBuildConfiguration section */
		613BE4D824C30B3F00CFB075 /* Debug */ = {
			isa = XCBuildConfiguration;
			buildSettings = {
				ALWAYS_SEARCH_USER_PATHS = NO;
				CLANG_ANALYZER_NONNULL = YES;
				CLANG_ANALYZER_NUMBER_OBJECT_CONVERSION = YES_AGGRESSIVE;
				CLANG_CXX_LANGUAGE_STANDARD = "gnu++14";
				CLANG_CXX_LIBRARY = "libc++";
				CLANG_ENABLE_MODULES = YES;
				CLANG_ENABLE_OBJC_ARC = YES;
				CLANG_ENABLE_OBJC_WEAK = YES;
				CLANG_WARN_BLOCK_CAPTURE_AUTORELEASING = YES;
				CLANG_WARN_BOOL_CONVERSION = YES;
				CLANG_WARN_COMMA = YES;
				CLANG_WARN_CONSTANT_CONVERSION = YES;
				CLANG_WARN_DEPRECATED_OBJC_IMPLEMENTATIONS = YES;
				CLANG_WARN_DIRECT_OBJC_ISA_USAGE = YES_ERROR;
				CLANG_WARN_DOCUMENTATION_COMMENTS = YES;
				CLANG_WARN_EMPTY_BODY = YES;
				CLANG_WARN_ENUM_CONVERSION = YES;
				CLANG_WARN_INFINITE_RECURSION = YES;
				CLANG_WARN_INT_CONVERSION = YES;
				CLANG_WARN_NON_LITERAL_NULL_CONVERSION = YES;
				CLANG_WARN_OBJC_IMPLICIT_RETAIN_SELF = YES;
				CLANG_WARN_OBJC_LITERAL_CONVERSION = YES;
				CLANG_WARN_OBJC_ROOT_CLASS = YES_ERROR;
				CLANG_WARN_RANGE_LOOP_ANALYSIS = YES;
				CLANG_WARN_STRICT_PROTOTYPES = YES;
				CLANG_WARN_SUSPICIOUS_MOVE = YES;
				CLANG_WARN_UNGUARDED_AVAILABILITY = YES_AGGRESSIVE;
				CLANG_WARN_UNREACHABLE_CODE = YES;
				CLANG_WARN__DUPLICATE_METHOD_MATCH = YES;
				COPY_PHASE_STRIP = NO;
				DEBUG_INFORMATION_FORMAT = dwarf;
				ENABLE_STRICT_OBJC_MSGSEND = YES;
				ENABLE_TESTABILITY = YES;
				GCC_C_LANGUAGE_STANDARD = gnu11;
				GCC_DYNAMIC_NO_PIC = NO;
				GCC_NO_COMMON_BLOCKS = YES;
				GCC_OPTIMIZATION_LEVEL = 0;
				GCC_PREPROCESSOR_DEFINITIONS = (
					"DEBUG=1",
					"$(inherited)",
				);
				GCC_WARN_64_TO_32_BIT_CONVERSION = YES;
				GCC_WARN_ABOUT_RETURN_TYPE = YES_ERROR;
				GCC_WARN_UNDECLARED_SELECTOR = YES;
				GCC_WARN_UNINITIALIZED_AUTOS = YES_AGGRESSIVE;
				GCC_WARN_UNUSED_FUNCTION = YES;
				GCC_WARN_UNUSED_VARIABLE = YES;
				IPHONEOS_DEPLOYMENT_TARGET = 13.2;
				MTL_ENABLE_DEBUG_INFO = INCLUDE_SOURCE;
				MTL_FAST_MATH = YES;
				ONLY_ACTIVE_ARCH = YES;
				SDKROOT = iphoneos;
				SWIFT_ACTIVE_COMPILATION_CONDITIONS = DEBUG;
				SWIFT_OPTIMIZATION_LEVEL = "-Onone";
			};
			name = Debug;
		};
		613BE4D924C30B3F00CFB075 /* Release */ = {
			isa = XCBuildConfiguration;
			buildSettings = {
				ALWAYS_SEARCH_USER_PATHS = NO;
				CLANG_ANALYZER_NONNULL = YES;
				CLANG_ANALYZER_NUMBER_OBJECT_CONVERSION = YES_AGGRESSIVE;
				CLANG_CXX_LANGUAGE_STANDARD = "gnu++14";
				CLANG_CXX_LIBRARY = "libc++";
				CLANG_ENABLE_MODULES = YES;
				CLANG_ENABLE_OBJC_ARC = YES;
				CLANG_ENABLE_OBJC_WEAK = YES;
				CLANG_WARN_BLOCK_CAPTURE_AUTORELEASING = YES;
				CLANG_WARN_BOOL_CONVERSION = YES;
				CLANG_WARN_COMMA = YES;
				CLANG_WARN_CONSTANT_CONVERSION = YES;
				CLANG_WARN_DEPRECATED_OBJC_IMPLEMENTATIONS = YES;
				CLANG_WARN_DIRECT_OBJC_ISA_USAGE = YES_ERROR;
				CLANG_WARN_DOCUMENTATION_COMMENTS = YES;
				CLANG_WARN_EMPTY_BODY = YES;
				CLANG_WARN_ENUM_CONVERSION = YES;
				CLANG_WARN_INFINITE_RECURSION = YES;
				CLANG_WARN_INT_CONVERSION = YES;
				CLANG_WARN_NON_LITERAL_NULL_CONVERSION = YES;
				CLANG_WARN_OBJC_IMPLICIT_RETAIN_SELF = YES;
				CLANG_WARN_OBJC_LITERAL_CONVERSION = YES;
				CLANG_WARN_OBJC_ROOT_CLASS = YES_ERROR;
				CLANG_WARN_RANGE_LOOP_ANALYSIS = YES;
				CLANG_WARN_STRICT_PROTOTYPES = YES;
				CLANG_WARN_SUSPICIOUS_MOVE = YES;
				CLANG_WARN_UNGUARDED_AVAILABILITY = YES_AGGRESSIVE;
				CLANG_WARN_UNREACHABLE_CODE = YES;
				CLANG_WARN__DUPLICATE_METHOD_MATCH = YES;
				COPY_PHASE_STRIP = NO;
				DEBUG_INFORMATION_FORMAT = "dwarf-with-dsym";
				ENABLE_NS_ASSERTIONS = NO;
				ENABLE_STRICT_OBJC_MSGSEND = YES;
				GCC_C_LANGUAGE_STANDARD = gnu11;
				GCC_NO_COMMON_BLOCKS = YES;
				GCC_WARN_64_TO_32_BIT_CONVERSION = YES;
				GCC_WARN_ABOUT_RETURN_TYPE = YES_ERROR;
				GCC_WARN_UNDECLARED_SELECTOR = YES;
				GCC_WARN_UNINITIALIZED_AUTOS = YES_AGGRESSIVE;
				GCC_WARN_UNUSED_FUNCTION = YES;
				GCC_WARN_UNUSED_VARIABLE = YES;
				IPHONEOS_DEPLOYMENT_TARGET = 13.2;
				MTL_ENABLE_DEBUG_INFO = NO;
				MTL_FAST_MATH = YES;
				SDKROOT = iphoneos;
				SWIFT_COMPILATION_MODE = wholemodule;
				SWIFT_OPTIMIZATION_LEVEL = "-O";
				VALIDATE_PRODUCT = YES;
			};
			name = Release;
		};
		613BE4DB24C30B3F00CFB075 /* Debug */ = {
			isa = XCBuildConfiguration;
			buildSettings = {
				ASSETCATALOG_COMPILER_APPICON_NAME = AppIcon;
				CODE_SIGN_STYLE = Automatic;
				INFOPLIST_FILE = Mofakerty/Info.plist;
				LD_RUNPATH_SEARCH_PATHS = (
					"$(inherited)",
					"@executable_path/Frameworks",
				);
				PRODUCT_BUNDLE_IDENTIFIER = com.selfstudy.Mofakerty;
				PRODUCT_NAME = "$(TARGET_NAME)";
				SWIFT_VERSION = 5.0;
				TARGETED_DEVICE_FAMILY = "1,2";
			};
			name = Debug;
		};
		613BE4DC24C30B3F00CFB075 /* Release */ = {
			isa = XCBuildConfiguration;
			buildSettings = {
				ASSETCATALOG_COMPILER_APPICON_NAME = AppIcon;
				CODE_SIGN_STYLE = Automatic;
				INFOPLIST_FILE = Mofakerty/Info.plist;
				LD_RUNPATH_SEARCH_PATHS = (
					"$(inherited)",
					"@executable_path/Frameworks",
				);
				PRODUCT_BUNDLE_IDENTIFIER = com.selfstudy.Mofakerty;
				PRODUCT_NAME = "$(TARGET_NAME)";
				SWIFT_VERSION = 5.0;
				TARGETED_DEVICE_FAMILY = "1,2";
			};
			name = Release;
		};
		613BE4DE24C30B3F00CFB075 /* Debug */ = {
			isa = XCBuildConfiguration;
			buildSettings = {
				ALWAYS_EMBED_SWIFT_STANDARD_LIBRARIES = YES;
				BUNDLE_LOADER = "$(TEST_HOST)";
				CODE_SIGN_STYLE = Automatic;
				INFOPLIST_FILE = MofakertyTests/Info.plist;
				IPHONEOS_DEPLOYMENT_TARGET = 13.2;
				LD_RUNPATH_SEARCH_PATHS = (
					"$(inherited)",
					"@executable_path/Frameworks",
					"@loader_path/Frameworks",
				);
				PRODUCT_BUNDLE_IDENTIFIER = com.selfstudy.MofakertyTests;
				PRODUCT_NAME = "$(TARGET_NAME)";
				SWIFT_VERSION = 5.0;
				TARGETED_DEVICE_FAMILY = "1,2";
				TEST_HOST = "$(BUILT_PRODUCTS_DIR)/Mofakerty.app/Mofakerty";
			};
			name = Debug;
		};
		613BE4DF24C30B3F00CFB075 /* Release */ = {
			isa = XCBuildConfiguration;
			buildSettings = {
				ALWAYS_EMBED_SWIFT_STANDARD_LIBRARIES = YES;
				BUNDLE_LOADER = "$(TEST_HOST)";
				CODE_SIGN_STYLE = Automatic;
				INFOPLIST_FILE = MofakertyTests/Info.plist;
				IPHONEOS_DEPLOYMENT_TARGET = 13.2;
				LD_RUNPATH_SEARCH_PATHS = (
					"$(inherited)",
					"@executable_path/Frameworks",
					"@loader_path/Frameworks",
				);
				PRODUCT_BUNDLE_IDENTIFIER = com.selfstudy.MofakertyTests;
				PRODUCT_NAME = "$(TARGET_NAME)";
				SWIFT_VERSION = 5.0;
				TARGETED_DEVICE_FAMILY = "1,2";
				TEST_HOST = "$(BUILT_PRODUCTS_DIR)/Mofakerty.app/Mofakerty";
			};
			name = Release;
		};
/* End XCBuildConfiguration section */

/* Begin XCConfigurationList section */
		613BE4B324C30B3A00CFB075 /* Build configuration list for PBXProject "Mofakerty" */ = {
			isa = XCConfigurationList;
			buildConfigurations = (
				613BE4D824C30B3F00CFB075 /* Debug */,
				613BE4D924C30B3F00CFB075 /* Release */,
			);
			defaultConfigurationIsVisible = 0;
			defaultConfigurationName = Release;
		};
		613BE4DA24C30B3F00CFB075 /* Build configuration list for PBXNativeTarget "Mofakerty" */ = {
			isa = XCConfigurationList;
			buildConfigurations = (
				613BE4DB24C30B3F00CFB075 /* Debug */,
				613BE4DC24C30B3F00CFB075 /* Release */,
			);
			defaultConfigurationIsVisible = 0;
			defaultConfigurationName = Release;
		};
		613BE4DD24C30B3F00CFB075 /* Build configuration list for PBXNativeTarget "MofakertyTests" */ = {
			isa = XCConfigurationList;
			buildConfigurations = (
				613BE4DE24C30B3F00CFB075 /* Debug */,
				613BE4DF24C30B3F00CFB075 /* Release */,
			);
			defaultConfigurationIsVisible = 0;
			defaultConfigurationName = Release;
		};
/* End XCConfigurationList section */

/* Begin XCVersionGroup section */
		613BE4C424C30B3A00CFB075 /* Mofakerty.xcdatamodeld */ = {
			isa = XCVersionGroup;
			children = (
				613BE4C524C30B3A00CFB075 /* Mofakerty.xcdatamodel */,
			);
			currentVersion = 613BE4C524C30B3A00CFB075 /* Mofakerty.xcdatamodel */;
			path = Mofakerty.xcdatamodeld;
			sourceTree = "<group>";
			versionGroupType = wrapper.xcdatamodel;
		};
/* End XCVersionGroup section */
	};
	rootObject = 613BE4B024C30B3A00CFB075 /* Project object */;
}
