// !$*UTF8*$!
{
	archiveVersion = 1;
	classes = {
	};
	objectVersion = 50;
	objects = {

/* Begin PBXBuildFile section */
		61412DBF24CB36F1001C423B /* AppDelegate.swift in Sources */ = {isa = PBXBuildFile; fileRef = 61412DBE24CB36F1001C423B /* AppDelegate.swift */; };
		61412DC124CB36F1001C423B /* SceneDelegate.swift in Sources */ = {isa = PBXBuildFile; fileRef = 61412DC024CB36F1001C423B /* SceneDelegate.swift */; };
		61412DC324CB36F1001C423B /* ViewController.swift in Sources */ = {isa = PBXBuildFile; fileRef = 61412DC224CB36F1001C423B /* ViewController.swift */; };
		61412DC624CB36F1001C423B /* Main.storyboard in Resources */ = {isa = PBXBuildFile; fileRef = 61412DC424CB36F1001C423B /* Main.storyboard */; };
		61412DC924CB36F1001C423B /* AppWithUnitTesting.xcdatamodeld in Sources */ = {isa = PBXBuildFile; fileRef = 61412DC724CB36F1001C423B /* AppWithUnitTesting.xcdatamodeld */; };
		61412DCB24CB36F3001C423B /* Assets.xcassets in Resources */ = {isa = PBXBuildFile; fileRef = 61412DCA24CB36F3001C423B /* Assets.xcassets */; };
		61412DCE24CB36F3001C423B /* LaunchScreen.storyboard in Resources */ = {isa = PBXBuildFile; fileRef = 61412DCC24CB36F3001C423B /* LaunchScreen.storyboard */; };
		61412DD624CB3719001C423B /* Book.swift in Sources */ = {isa = PBXBuildFile; fileRef = 61412DD524CB3719001C423B /* Book.swift */; };
		61412DDE24CB37C1001C423B /* AppWithUnitTestingTests.swift in Sources */ = {isa = PBXBuildFile; fileRef = 61412DDD24CB37C1001C423B /* AppWithUnitTestingTests.swift */; };
		61412DE524CB37CC001C423B /* Book.swift in Sources */ = {isa = PBXBuildFile; fileRef = 61412DD524CB3719001C423B /* Book.swift */; };
/* End PBXBuildFile section */

/* Begin PBXContainerItemProxy section */
		61412DE024CB37C1001C423B /* PBXContainerItemProxy */ = {
			isa = PBXContainerItemProxy;
			containerPortal = 61412DB324CB36F1001C423B /* Project object */;
			proxyType = 1;
			remoteGlobalIDString = 61412DBA24CB36F1001C423B;
			remoteInfo = AppWithUnitTesting;
		};
/* End PBXContainerItemProxy section */

/* Begin PBXFileReference section */
		61412DBB24CB36F1001C423B /* AppWithUnitTesting.app */ = {isa = PBXFileReference; explicitFileType = wrapper.application; includeInIndex = 0; path = AppWithUnitTesting.app; sourceTree = BUILT_PRODUCTS_DIR; };
		61412DBE24CB36F1001C423B /* AppDelegate.swift */ = {isa = PBXFileReference; lastKnownFileType = sourcecode.swift; path = AppDelegate.swift; sourceTree = "<group>"; };
		61412DC024CB36F1001C423B /* SceneDelegate.swift */ = {isa = PBXFileReference; lastKnownFileType = sourcecode.swift; path = SceneDelegate.swift; sourceTree = "<group>"; };
		61412DC224CB36F1001C423B /* ViewController.swift */ = {isa = PBXFileReference; lastKnownFileType = sourcecode.swift; path = ViewController.swift; sourceTree = "<group>"; };
		61412DC524CB36F1001C423B /* Base */ = {isa = PBXFileReference; lastKnownFileType = file.storyboard; name = Base; path = Base.lproj/Main.storyboard; sourceTree = "<group>"; };
		61412DC824CB36F1001C423B /* AppWithUnitTesting.xcdatamodel */ = {isa = PBXFileReference; lastKnownFileType = wrapper.xcdatamodel; path = AppWithUnitTesting.xcdatamodel; sourceTree = "<group>"; };
		61412DCA24CB36F3001C423B /* Assets.xcassets */ = {isa = PBXFileReference; lastKnownFileType = folder.assetcatalog; path = Assets.xcassets; sourceTree = "<group>"; };
		61412DCD24CB36F3001C423B /* Base */ = {isa = PBXFileReference; lastKnownFileType = file.storyboard; name = Base; path = Base.lproj/LaunchScreen.storyboard; sourceTree = "<group>"; };
		61412DCF24CB36F3001C423B /* Info.plist */ = {isa = PBXFileReference; lastKnownFileType = text.plist.xml; path = Info.plist; sourceTree = "<group>"; };
		61412DD524CB3719001C423B /* Book.swift */ = {isa = PBXFileReference; lastKnownFileType = sourcecode.swift; path = Book.swift; sourceTree = "<group>"; };
		61412DDB24CB37C1001C423B /* AppWithUnitTestingTests.xctest */ = {isa = PBXFileReference; explicitFileType = wrapper.cfbundle; includeInIndex = 0; path = AppWithUnitTestingTests.xctest; sourceTree = BUILT_PRODUCTS_DIR; };
		61412DDD24CB37C1001C423B /* AppWithUnitTestingTests.swift */ = {isa = PBXFileReference; lastKnownFileType = sourcecode.swift; path = AppWithUnitTestingTests.swift; sourceTree = "<group>"; };
		61412DDF24CB37C1001C423B /* Info.plist */ = {isa = PBXFileReference; lastKnownFileType = text.plist.xml; path = Info.plist; sourceTree = "<group>"; };
/* End PBXFileReference section */

/* Begin PBXFrameworksBuildPhase section */
		61412DB824CB36F1001C423B /* Frameworks */ = {
			isa = PBXFrameworksBuildPhase;
			buildActionMask = 2147483647;
			files = (
			);
			runOnlyForDeploymentPostprocessing = 0;
		};
		61412DD824CB37C1001C423B /* Frameworks */ = {
			isa = PBXFrameworksBuildPhase;
			buildActionMask = 2147483647;
			files = (
			);
			runOnlyForDeploymentPostprocessing = 0;
		};
/* End PBXFrameworksBuildPhase section */

/* Begin PBXGroup section */
		61412DB224CB36F1001C423B = {
			isa = PBXGroup;
			children = (
				61412DBD24CB36F1001C423B /* AppWithUnitTesting */,
				61412DDC24CB37C1001C423B /* AppWithUnitTestingTests */,
				61412DBC24CB36F1001C423B /* Products */,
			);
			sourceTree = "<group>";
		};
		61412DBC24CB36F1001C423B /* Products */ = {
			isa = PBXGroup;
			children = (
				61412DBB24CB36F1001C423B /* AppWithUnitTesting.app */,
				61412DDB24CB37C1001C423B /* AppWithUnitTestingTests.xctest */,
			);
			name = Products;
			sourceTree = "<group>";
		};
		61412DBD24CB36F1001C423B /* AppWithUnitTesting */ = {
			isa = PBXGroup;
			children = (
				61412DBE24CB36F1001C423B /* AppDelegate.swift */,
				61412DC024CB36F1001C423B /* SceneDelegate.swift */,
				61412DC224CB36F1001C423B /* ViewController.swift */,
				61412DC424CB36F1001C423B /* Main.storyboard */,
				61412DCA24CB36F3001C423B /* Assets.xcassets */,
				61412DCC24CB36F3001C423B /* LaunchScreen.storyboard */,
				61412DCF24CB36F3001C423B /* Info.plist */,
				61412DC724CB36F1001C423B /* AppWithUnitTesting.xcdatamodeld */,
				61412DD524CB3719001C423B /* Book.swift */,
			);
			path = AppWithUnitTesting;
			sourceTree = "<group>";
		};
		61412DDC24CB37C1001C423B /* AppWithUnitTestingTests */ = {
			isa = PBXGroup;
			children = (
				61412DDD24CB37C1001C423B /* AppWithUnitTestingTests.swift */,
				61412DDF24CB37C1001C423B /* Info.plist */,
			);
			path = AppWithUnitTestingTests;
			sourceTree = "<group>";
		};
/* End PBXGroup section */

/* Begin PBXNativeTarget section */
		61412DBA24CB36F1001C423B /* AppWithUnitTesting */ = {
			isa = PBXNativeTarget;
			buildConfigurationList = 61412DD224CB36F3001C423B /* Build configuration list for PBXNativeTarget "AppWithUnitTesting" */;
			buildPhases = (
				61412DB724CB36F1001C423B /* Sources */,
				61412DB824CB36F1001C423B /* Frameworks */,
				61412DB924CB36F1001C423B /* Resources */,
			);
			buildRules = (
			);
			dependencies = (
			);
			name = AppWithUnitTesting;
			productName = AppWithUnitTesting;
			productReference = 61412DBB24CB36F1001C423B /* AppWithUnitTesting.app */;
			productType = "com.apple.product-type.application";
		};
		61412DDA24CB37C1001C423B /* AppWithUnitTestingTests */ = {
			isa = PBXNativeTarget;
			buildConfigurationList = 61412DE224CB37C1001C423B /* Build configuration list for PBXNativeTarget "AppWithUnitTestingTests" */;
			buildPhases = (
				61412DD724CB37C1001C423B /* Sources */,
				61412DD824CB37C1001C423B /* Frameworks */,
				61412DD924CB37C1001C423B /* Resources */,
			);
			buildRules = (
			);
			dependencies = (
				61412DE124CB37C1001C423B /* PBXTargetDependency */,
			);
			name = AppWithUnitTestingTests;
			productName = AppWithUnitTestingTests;
			productReference = 61412DDB24CB37C1001C423B /* AppWithUnitTestingTests.xctest */;
			productType = "com.apple.product-type.bundle.unit-test";
		};
/* End PBXNativeTarget section */

/* Begin PBXProject section */
		61412DB324CB36F1001C423B /* Project object */ = {
			isa = PBXProject;
			attributes = {
				LastSwiftUpdateCheck = 1120;
				LastUpgradeCheck = 1120;
				ORGANIZATIONNAME = Studying;
				TargetAttributes = {
					61412DBA24CB36F1001C423B = {
						CreatedOnToolsVersion = 11.2.1;
					};
					61412DDA24CB37C1001C423B = {
						CreatedOnToolsVersion = 11.2.1;
						TestTargetID = 61412DBA24CB36F1001C423B;
					};
				};
			};
			buildConfigurationList = 61412DB624CB36F1001C423B /* Build configuration list for PBXProject "AppWithUnitTesting" */;
			compatibilityVersion = "Xcode 9.3";
			developmentRegion = en;
			hasScannedForEncodings = 0;
			knownRegions = (
				en,
				Base,
			);
			mainGroup = 61412DB224CB36F1001C423B;
			productRefGroup = 61412DBC24CB36F1001C423B /* Products */;
			projectDirPath = "";
			projectRoot = "";
			targets = (
				61412DBA24CB36F1001C423B /* AppWithUnitTesting */,
				61412DDA24CB37C1001C423B /* AppWithUnitTestingTests */,
			);
		};
/* End PBXProject section */

/* Begin PBXResourcesBuildPhase section */
		61412DB924CB36F1001C423B /* Resources */ = {
			isa = PBXResourcesBuildPhase;
			buildActionMask = 2147483647;
			files = (
				61412DCE24CB36F3001C423B /* LaunchScreen.storyboard in Resources */,
				61412DCB24CB36F3001C423B /* Assets.xcassets in Resources */,
				61412DC624CB36F1001C423B /* Main.storyboard in Resources */,
			);
			runOnlyForDeploymentPostprocessing = 0;
		};
		61412DD924CB37C1001C423B /* Resources */ = {
			isa = PBXResourcesBuildPhase;
			buildActionMask = 2147483647;
			files = (
			);
			runOnlyForDeploymentPostprocessing = 0;
		};
/* End PBXResourcesBuildPhase section */

/* Begin PBXSourcesBuildPhase section */
		61412DB724CB36F1001C423B /* Sources */ = {
			isa = PBXSourcesBuildPhase;
			buildActionMask = 2147483647;
			files = (
				61412DC324CB36F1001C423B /* ViewController.swift in Sources */,
				61412DBF24CB36F1001C423B /* AppDelegate.swift in Sources */,
				61412DC924CB36F1001C423B /* AppWithUnitTesting.xcdatamodeld in Sources */,
				61412DD624CB3719001C423B /* Book.swift in Sources */,
				61412DC124CB36F1001C423B /* SceneDelegate.swift in Sources */,
			);
			runOnlyForDeploymentPostprocessing = 0;
		};
		61412DD724CB37C1001C423B /* Sources */ = {
			isa = PBXSourcesBuildPhase;
			buildActionMask = 2147483647;
			files = (
				61412DE524CB37CC001C423B /* Book.swift in Sources */,
				61412DDE24CB37C1001C423B /* AppWithUnitTestingTests.swift in Sources */,
			);
			runOnlyForDeploymentPostprocessing = 0;
		};
/* End PBXSourcesBuildPhase section */

/* Begin PBXTargetDependency section */
		61412DE124CB37C1001C423B /* PBXTargetDependency */ = {
			isa = PBXTargetDependency;
			target = 61412DBA24CB36F1001C423B /* AppWithUnitTesting */;
			targetProxy = 61412DE024CB37C1001C423B /* PBXContainerItemProxy */;
		};
/* End PBXTargetDependency section */

/* Begin PBXVariantGroup section */
		61412DC424CB36F1001C423B /* Main.storyboard */ = {
			isa = PBXVariantGroup;
			children = (
				61412DC524CB36F1001C423B /* Base */,
			);
			name = Main.storyboard;
			sourceTree = "<group>";
		};
		61412DCC24CB36F3001C423B /* LaunchScreen.storyboard */ = {
			isa = PBXVariantGroup;
			children = (
				61412DCD24CB36F3001C423B /* Base */,
			);
			name = LaunchScreen.storyboard;
			sourceTree = "<group>";
		};
/* End PBXVariantGroup section */

/* Begin XCBuildConfiguration section */
		61412DD024CB36F3001C423B /* Debug */ = {
			isa = XCBuildConfiguration;
			buildSettings = {
				ALWAYS_SEARCH_USER_PATHS = NO;
				CLANG_ANALYZER_NONNULL = YES;
				CLANG_ANALYZER_NUMBER_OBJECT_CONVERSION = YES_AGGRESSIVE;
				CLANG_CXX_LANGUAGE_STANDARD = "gnu++14";
				CLANG_CXX_LIBRARY = "libc++";
				CLANG_ENABLE_MODULES = YES;
				CLANG_ENABLE_OBJC_ARC = YES;
				CLANG_ENABLE_OBJC_WEAK = YES;
				CLANG_WARN_BLOCK_CAPTURE_AUTORELEASING = YES;
				CLANG_WARN_BOOL_CONVERSION = YES;
				CLANG_WARN_COMMA = YES;
				CLANG_WARN_CONSTANT_CONVERSION = YES;
				CLANG_WARN_DEPRECATED_OBJC_IMPLEMENTATIONS = YES;
				CLANG_WARN_DIRECT_OBJC_ISA_USAGE = YES_ERROR;
				CLANG_WARN_DOCUMENTATION_COMMENTS = YES;
				CLANG_WARN_EMPTY_BODY = YES;
				CLANG_WARN_ENUM_CONVERSION = YES;
				CLANG_WARN_INFINITE_RECURSION = YES;
				CLANG_WARN_INT_CONVERSION = YES;
				CLANG_WARN_NON_LITERAL_NULL_CONVERSION = YES;
				CLANG_WARN_OBJC_IMPLICIT_RETAIN_SELF = YES;
				CLANG_WARN_OBJC_LITERAL_CONVERSION = YES;
				CLANG_WARN_OBJC_ROOT_CLASS = YES_ERROR;
				CLANG_WARN_RANGE_LOOP_ANALYSIS = YES;
				CLANG_WARN_STRICT_PROTOTYPES = YES;
				CLANG_WARN_SUSPICIOUS_MOVE = YES;
				CLANG_WARN_UNGUARDED_AVAILABILITY = YES_AGGRESSIVE;
				CLANG_WARN_UNREACHABLE_CODE = YES;
				CLANG_WARN__DUPLICATE_METHOD_MATCH = YES;
				COPY_PHASE_STRIP = NO;
				DEBUG_INFORMATION_FORMAT = dwarf;
				ENABLE_STRICT_OBJC_MSGSEND = YES;
				ENABLE_TESTABILITY = YES;
				GCC_C_LANGUAGE_STANDARD = gnu11;
				GCC_DYNAMIC_NO_PIC = NO;
				GCC_NO_COMMON_BLOCKS = YES;
				GCC_OPTIMIZATION_LEVEL = 0;
				GCC_PREPROCESSOR_DEFINITIONS = (
					"DEBUG=1",
					"$(inherited)",
				);
				GCC_WARN_64_TO_32_BIT_CONVERSION = YES;
				GCC_WARN_ABOUT_RETURN_TYPE = YES_ERROR;
				GCC_WARN_UNDECLARED_SELECTOR = YES;
				GCC_WARN_UNINITIALIZED_AUTOS = YES_AGGRESSIVE;
				GCC_WARN_UNUSED_FUNCTION = YES;
				GCC_WARN_UNUSED_VARIABLE = YES;
				IPHONEOS_DEPLOYMENT_TARGET = 13.2;
				MTL_ENABLE_DEBUG_INFO = INCLUDE_SOURCE;
				MTL_FAST_MATH = YES;
				ONLY_ACTIVE_ARCH = YES;
				SDKROOT = iphoneos;
				SWIFT_ACTIVE_COMPILATION_CONDITIONS = DEBUG;
				SWIFT_OPTIMIZATION_LEVEL = "-Onone";
			};
			name = Debug;
		};
		61412DD124CB36F3001C423B /* Release */ = {
			isa = XCBuildConfiguration;
			buildSettings = {
				ALWAYS_SEARCH_USER_PATHS = NO;
				CLANG_ANALYZER_NONNULL = YES;
				CLANG_ANALYZER_NUMBER_OBJECT_CONVERSION = YES_AGGRESSIVE;
				CLANG_CXX_LANGUAGE_STANDARD = "gnu++14";
				CLANG_CXX_LIBRARY = "libc++";
				CLANG_ENABLE_MODULES = YES;
				CLANG_ENABLE_OBJC_ARC = YES;
				CLANG_ENABLE_OBJC_WEAK = YES;
				CLANG_WARN_BLOCK_CAPTURE_AUTORELEASING = YES;
				CLANG_WARN_BOOL_CONVERSION = YES;
				CLANG_WARN_COMMA = YES;
				CLANG_WARN_CONSTANT_CONVERSION = YES;
				CLANG_WARN_DEPRECATED_OBJC_IMPLEMENTATIONS = YES;
				CLANG_WARN_DIRECT_OBJC_ISA_USAGE = YES_ERROR;
				CLANG_WARN_DOCUMENTATION_COMMENTS = YES;
				CLANG_WARN_EMPTY_BODY = YES;
				CLANG_WARN_ENUM_CONVERSION = YES;
				CLANG_WARN_INFINITE_RECURSION = YES;
				CLANG_WARN_INT_CONVERSION = YES;
				CLANG_WARN_NON_LITERAL_NULL_CONVERSION = YES;
				CLANG_WARN_OBJC_IMPLICIT_RETAIN_SELF = YES;
				CLANG_WARN_OBJC_LITERAL_CONVERSION = YES;
				CLANG_WARN_OBJC_ROOT_CLASS = YES_ERROR;
				CLANG_WARN_RANGE_LOOP_ANALYSIS = YES;
				CLANG_WARN_STRICT_PROTOTYPES = YES;
				CLANG_WARN_SUSPICIOUS_MOVE = YES;
				CLANG_WARN_UNGUARDED_AVAILABILITY = YES_AGGRESSIVE;
				CLANG_WARN_UNREACHABLE_CODE = YES;
				CLANG_WARN__DUPLICATE_METHOD_MATCH = YES;
				COPY_PHASE_STRIP = NO;
				DEBUG_INFORMATION_FORMAT = "dwarf-with-dsym";
				ENABLE_NS_ASSERTIONS = NO;
				ENABLE_STRICT_OBJC_MSGSEND = YES;
				GCC_C_LANGUAGE_STANDARD = gnu11;
				GCC_NO_COMMON_BLOCKS = YES;
				GCC_WARN_64_TO_32_BIT_CONVERSION = YES;
				GCC_WARN_ABOUT_RETURN_TYPE = YES_ERROR;
				GCC_WARN_UNDECLARED_SELECTOR = YES;
				GCC_WARN_UNINITIALIZED_AUTOS = YES_AGGRESSIVE;
				GCC_WARN_UNUSED_FUNCTION = YES;
				GCC_WARN_UNUSED_VARIABLE = YES;
				IPHONEOS_DEPLOYMENT_TARGET = 13.2;
				MTL_ENABLE_DEBUG_INFO = NO;
				MTL_FAST_MATH = YES;
				SDKROOT = iphoneos;
				SWIFT_COMPILATION_MODE = wholemodule;
				SWIFT_OPTIMIZATION_LEVEL = "-O";
				VALIDATE_PRODUCT = YES;
			};
			name = Release;
		};
		61412DD324CB36F3001C423B /* Debug */ = {
			isa = XCBuildConfiguration;
			buildSettings = {
				ASSETCATALOG_COMPILER_APPICON_NAME = AppIcon;
				CODE_SIGN_STYLE = Automatic;
				INFOPLIST_FILE = AppWithUnitTesting/Info.plist;
				LD_RUNPATH_SEARCH_PATHS = (
					"$(inherited)",
					"@executable_path/Frameworks",
				);
				PRODUCT_BUNDLE_IDENTIFIER = com.selfstudy.AppWithUnitTesting;
				PRODUCT_NAME = "$(TARGET_NAME)";
				SWIFT_VERSION = 5.0;
				TARGETED_DEVICE_FAMILY = "1,2";
			};
			name = Debug;
		};
		61412DD424CB36F3001C423B /* Release */ = {
			isa = XCBuildConfiguration;
			buildSettings = {
				ASSETCATALOG_COMPILER_APPICON_NAME = AppIcon;
				CODE_SIGN_STYLE = Automatic;
				INFOPLIST_FILE = AppWithUnitTesting/Info.plist;
				LD_RUNPATH_SEARCH_PATHS = (
					"$(inherited)",
					"@executable_path/Frameworks",
				);
				PRODUCT_BUNDLE_IDENTIFIER = com.selfstudy.AppWithUnitTesting;
				PRODUCT_NAME = "$(TARGET_NAME)";
				SWIFT_VERSION = 5.0;
				TARGETED_DEVICE_FAMILY = "1,2";
			};
			name = Release;
		};
		61412DE324CB37C1001C423B /* Debug */ = {
			isa = XCBuildConfiguration;
			buildSettings = {
				BUNDLE_LOADER = "$(TEST_HOST)";
				CODE_SIGN_STYLE = Automatic;
				INFOPLIST_FILE = AppWithUnitTestingTests/Info.plist;
				LD_RUNPATH_SEARCH_PATHS = (
					"$(inherited)",
					"@executable_path/Frameworks",
					"@loader_path/Frameworks",
				);
				PRODUCT_BUNDLE_IDENTIFIER = com.selfstudy.AppWithUnitTestingTests;
				PRODUCT_NAME = "$(TARGET_NAME)";
				SWIFT_VERSION = 5.0;
				TARGETED_DEVICE_FAMILY = "1,2";
				TEST_HOST = "$(BUILT_PRODUCTS_DIR)/AppWithUnitTesting.app/AppWithUnitTesting";
			};
			name = Debug;
		};
		61412DE424CB37C1001C423B /* Release */ = {
			isa = XCBuildConfiguration;
			buildSettings = {
				BUNDLE_LOADER = "$(TEST_HOST)";
				CODE_SIGN_STYLE = Automatic;
				INFOPLIST_FILE = AppWithUnitTestingTests/Info.plist;
				LD_RUNPATH_SEARCH_PATHS = (
					"$(inherited)",
					"@executable_path/Frameworks",
					"@loader_path/Frameworks",
				);
				PRODUCT_BUNDLE_IDENTIFIER = com.selfstudy.AppWithUnitTestingTests;
				PRODUCT_NAME = "$(TARGET_NAME)";
				SWIFT_VERSION = 5.0;
				TARGETED_DEVICE_FAMILY = "1,2";
				TEST_HOST = "$(BUILT_PRODUCTS_DIR)/AppWithUnitTesting.app/AppWithUnitTesting";
			};
			name = Release;
		};
/* End XCBuildConfiguration section */

/* Begin XCConfigurationList section */
		61412DB624CB36F1001C423B /* Build configuration list for PBXProject "AppWithUnitTesting" */ = {
			isa = XCConfigurationList;
			buildConfigurations = (
				61412DD024CB36F3001C423B /* Debug */,
				61412DD124CB36F3001C423B /* Release */,
			);
			defaultConfigurationIsVisible = 0;
			defaultConfigurationName = Release;
		};
		61412DD224CB36F3001C423B /* Build configuration list for PBXNativeTarget "AppWithUnitTesting" */ = {
			isa = XCConfigurationList;
			buildConfigurations = (
				61412DD324CB36F3001C423B /* Debug */,
				61412DD424CB36F3001C423B /* Release */,
			);
			defaultConfigurationIsVisible = 0;
			defaultConfigurationName = Release;
		};
		61412DE224CB37C1001C423B /* Build configuration list for PBXNativeTarget "AppWithUnitTestingTests" */ = {
			isa = XCConfigurationList;
			buildConfigurations = (
				61412DE324CB37C1001C423B /* Debug */,
				61412DE424CB37C1001C423B /* Release */,
			);
			defaultConfigurationIsVisible = 0;
			defaultConfigurationName = Release;
		};
/* End XCConfigurationList section */

/* Begin XCVersionGroup section */
		61412DC724CB36F1001C423B /* AppWithUnitTesting.xcdatamodeld */ = {
			isa = XCVersionGroup;
			children = (
				61412DC824CB36F1001C423B /* AppWithUnitTesting.xcdatamodel */,
			);
			currentVersion = 61412DC824CB36F1001C423B /* AppWithUnitTesting.xcdatamodel */;
			path = AppWithUnitTesting.xcdatamodeld;
			sourceTree = "<group>";
			versionGroupType = wrapper.xcdatamodel;
		};
/* End XCVersionGroup section */
	};
	rootObject = 61412DB324CB36F1001C423B /* Project object */;
}
