// !$*UTF8*$!
{
	archiveVersion = 1;
	classes = {
	};
	objectVersion = 50;
	objects = {

/* Begin PBXBuildFile section */
		61412D5124C8F766001C423B /* AppDelegate.swift in Sources */ = {isa = PBXBuildFile; fileRef = 61412D5024C8F766001C423B /* AppDelegate.swift */; };
		61412D5324C8F766001C423B /* SceneDelegate.swift in Sources */ = {isa = PBXBuildFile; fileRef = 61412D5224C8F766001C423B /* SceneDelegate.swift */; };
		61412D5524C8F766001C423B /* ViewController.swift in Sources */ = {isa = PBXBuildFile; fileRef = 61412D5424C8F766001C423B /* ViewController.swift */; };
		61412D5824C8F766001C423B /* Main.storyboard in Resources */ = {isa = PBXBuildFile; fileRef = 61412D5624C8F766001C423B /* Main.storyboard */; };
		61412D5B24C8F766001C423B /* Challenge.xcdatamodeld in Sources */ = {isa = PBXBuildFile; fileRef = 61412D5924C8F766001C423B /* Challenge.xcdatamodeld */; };
		61412D5D24C8F768001C423B /* Assets.xcassets in Resources */ = {isa = PBXBuildFile; fileRef = 61412D5C24C8F768001C423B /* Assets.xcassets */; };
		61412D6024C8F768001C423B /* LaunchScreen.storyboard in Resources */ = {isa = PBXBuildFile; fileRef = 61412D5E24C8F768001C423B /* LaunchScreen.storyboard */; };
		61412D6B24C8F769001C423B /* ChallengeTests.swift in Sources */ = {isa = PBXBuildFile; fileRef = 61412D6A24C8F769001C423B /* ChallengeTests.swift */; };
		61412DA724C91C07001C423B /* ChallengeViewController.swift in Sources */ = {isa = PBXBuildFile; fileRef = 61412DA624C91C07001C423B /* ChallengeViewController.swift */; };
		61412DA924C9B1C4001C423B /* TableViewController.swift in Sources */ = {isa = PBXBuildFile; fileRef = 61412DA824C9B1C4001C423B /* TableViewController.swift */; };
		61412DAB24C9B1E0001C423B /* ViewControllerWithTableView.swift in Sources */ = {isa = PBXBuildFile; fileRef = 61412DAA24C9B1E0001C423B /* ViewControllerWithTableView.swift */; };
		61412DAE24C9B930001C423B /* CustomTableViewCell.swift in Sources */ = {isa = PBXBuildFile; fileRef = 61412DAC24C9B930001C423B /* CustomTableViewCell.swift */; };
		61412DAF24C9B930001C423B /* CustomTableViewCell.xib in Resources */ = {isa = PBXBuildFile; fileRef = 61412DAD24C9B930001C423B /* CustomTableViewCell.xib */; };
		61412DB124CB1BC5001C423B /* ParentProtocol.swift in Sources */ = {isa = PBXBuildFile; fileRef = 61412DB024CB1BC5001C423B /* ParentProtocol.swift */; };
		61412DE824CB544D001C423B /* SliderAndProgressBarViewController.swift in Sources */ = {isa = PBXBuildFile; fileRef = 61412DE724CB544D001C423B /* SliderAndProgressBarViewController.swift */; };
		61412DEA24CB784B001C423B /* BuiltinBrowserViewController.swift in Sources */ = {isa = PBXBuildFile; fileRef = 61412DE924CB784B001C423B /* BuiltinBrowserViewController.swift */; };
		61412DEC24CB9393001C423B /* CollectionViewController.swift in Sources */ = {isa = PBXBuildFile; fileRef = 61412DEB24CB9393001C423B /* CollectionViewController.swift */; };
		61412DEE24CB9406001C423B /* CustomCollectionViewCell.swift in Sources */ = {isa = PBXBuildFile; fileRef = 61412DED24CB9406001C423B /* CustomCollectionViewCell.swift */; };
		61412DF024CC9B0F001C423B /* TabBarViewController.swift in Sources */ = {isa = PBXBuildFile; fileRef = 61412DEF24CC9B0F001C423B /* TabBarViewController.swift */; };
/* End PBXBuildFile section */

/* Begin PBXContainerItemProxy section */
		61412D6724C8F768001C423B /* PBXContainerItemProxy */ = {
			isa = PBXContainerItemProxy;
			containerPortal = 61412D4524C8F766001C423B /* Project object */;
			proxyType = 1;
			remoteGlobalIDString = 61412D4C24C8F766001C423B;
			remoteInfo = Challenge;
		};
/* End PBXContainerItemProxy section */

/* Begin PBXFileReference section */
		61412D4D24C8F766001C423B /* Challenge.app */ = {isa = PBXFileReference; explicitFileType = wrapper.application; includeInIndex = 0; path = Challenge.app; sourceTree = BUILT_PRODUCTS_DIR; };
		61412D5024C8F766001C423B /* AppDelegate.swift */ = {isa = PBXFileReference; lastKnownFileType = sourcecode.swift; path = AppDelegate.swift; sourceTree = "<group>"; };
		61412D5224C8F766001C423B /* SceneDelegate.swift */ = {isa = PBXFileReference; lastKnownFileType = sourcecode.swift; path = SceneDelegate.swift; sourceTree = "<group>"; };
		61412D5424C8F766001C423B /* ViewController.swift */ = {isa = PBXFileReference; lastKnownFileType = sourcecode.swift; path = ViewController.swift; sourceTree = "<group>"; };
		61412D5724C8F766001C423B /* Base */ = {isa = PBXFileReference; lastKnownFileType = file.storyboard; name = Base; path = Base.lproj/Main.storyboard; sourceTree = "<group>"; };
		61412D5A24C8F766001C423B /* Challenge.xcdatamodel */ = {isa = PBXFileReference; lastKnownFileType = wrapper.xcdatamodel; path = Challenge.xcdatamodel; sourceTree = "<group>"; };
		61412D5C24C8F768001C423B /* Assets.xcassets */ = {isa = PBXFileReference; lastKnownFileType = folder.assetcatalog; path = Assets.xcassets; sourceTree = "<group>"; };
		61412D5F24C8F768001C423B /* Base */ = {isa = PBXFileReference; lastKnownFileType = file.storyboard; name = Base; path = Base.lproj/LaunchScreen.storyboard; sourceTree = "<group>"; };
		61412D6124C8F768001C423B /* Info.plist */ = {isa = PBXFileReference; lastKnownFileType = text.plist.xml; path = Info.plist; sourceTree = "<group>"; };
		61412D6624C8F768001C423B /* ChallengeTests.xctest */ = {isa = PBXFileReference; explicitFileType = wrapper.cfbundle; includeInIndex = 0; path = ChallengeTests.xctest; sourceTree = BUILT_PRODUCTS_DIR; };
		61412D6A24C8F769001C423B /* ChallengeTests.swift */ = {isa = PBXFileReference; lastKnownFileType = sourcecode.swift; path = ChallengeTests.swift; sourceTree = "<group>"; };
		61412D6C24C8F769001C423B /* Info.plist */ = {isa = PBXFileReference; lastKnownFileType = text.plist.xml; path = Info.plist; sourceTree = "<group>"; };
		61412DA624C91C07001C423B /* ChallengeViewController.swift */ = {isa = PBXFileReference; lastKnownFileType = sourcecode.swift; path = ChallengeViewController.swift; sourceTree = "<group>"; };
		61412DA824C9B1C4001C423B /* TableViewController.swift */ = {isa = PBXFileReference; lastKnownFileType = sourcecode.swift; path = TableViewController.swift; sourceTree = "<group>"; };
		61412DAA24C9B1E0001C423B /* ViewControllerWithTableView.swift */ = {isa = PBXFileReference; lastKnownFileType = sourcecode.swift; path = ViewControllerWithTableView.swift; sourceTree = "<group>"; };
		61412DAC24C9B930001C423B /* CustomTableViewCell.swift */ = {isa = PBXFileReference; lastKnownFileType = sourcecode.swift; path = CustomTableViewCell.swift; sourceTree = "<group>"; };
		61412DAD24C9B930001C423B /* CustomTableViewCell.xib */ = {isa = PBXFileReference; lastKnownFileType = file.xib; path = CustomTableViewCell.xib; sourceTree = "<group>"; };
		61412DB024CB1BC5001C423B /* ParentProtocol.swift */ = {isa = PBXFileReference; lastKnownFileType = sourcecode.swift; path = ParentProtocol.swift; sourceTree = "<group>"; };
		61412DE724CB544D001C423B /* SliderAndProgressBarViewController.swift */ = {isa = PBXFileReference; lastKnownFileType = sourcecode.swift; path = SliderAndProgressBarViewController.swift; sourceTree = "<group>"; };
		61412DE924CB784B001C423B /* BuiltinBrowserViewController.swift */ = {isa = PBXFileReference; lastKnownFileType = sourcecode.swift; path = BuiltinBrowserViewController.swift; sourceTree = "<group>"; };
		61412DEB24CB9393001C423B /* CollectionViewController.swift */ = {isa = PBXFileReference; lastKnownFileType = sourcecode.swift; path = CollectionViewController.swift; sourceTree = "<group>"; };
		61412DED24CB9406001C423B /* CustomCollectionViewCell.swift */ = {isa = PBXFileReference; lastKnownFileType = sourcecode.swift; path = CustomCollectionViewCell.swift; sourceTree = "<group>"; };
		61412DEF24CC9B0F001C423B /* TabBarViewController.swift */ = {isa = PBXFileReference; lastKnownFileType = sourcecode.swift; path = TabBarViewController.swift; sourceTree = "<group>"; };
/* End PBXFileReference section */

/* Begin PBXFrameworksBuildPhase section */
		61412D4A24C8F766001C423B /* Frameworks */ = {
			isa = PBXFrameworksBuildPhase;
			buildActionMask = 2147483647;
			files = (
			);
			runOnlyForDeploymentPostprocessing = 0;
		};
		61412D6324C8F768001C423B /* Frameworks */ = {
			isa = PBXFrameworksBuildPhase;
			buildActionMask = 2147483647;
			files = (
			);
			runOnlyForDeploymentPostprocessing = 0;
		};
/* End PBXFrameworksBuildPhase section */

/* Begin PBXGroup section */
		61412D4424C8F766001C423B = {
			isa = PBXGroup;
			children = (
				61412D4F24C8F766001C423B /* Challenge */,
				61412D6924C8F768001C423B /* ChallengeTests */,
				61412D4E24C8F766001C423B /* Products */,
			);
			sourceTree = "<group>";
		};
		61412D4E24C8F766001C423B /* Products */ = {
			isa = PBXGroup;
			children = (
				61412D4D24C8F766001C423B /* Challenge.app */,
				61412D6624C8F768001C423B /* ChallengeTests.xctest */,
			);
			name = Products;
			sourceTree = "<group>";
		};
		61412D4F24C8F766001C423B /* Challenge */ = {
			isa = PBXGroup;
			children = (
				61412D5024C8F766001C423B /* AppDelegate.swift */,
				61412D5224C8F766001C423B /* SceneDelegate.swift */,
				61412D5424C8F766001C423B /* ViewController.swift */,
				61412D5624C8F766001C423B /* Main.storyboard */,
				61412D5C24C8F768001C423B /* Assets.xcassets */,
				61412D5E24C8F768001C423B /* LaunchScreen.storyboard */,
				61412D6124C8F768001C423B /* Info.plist */,
				61412D5924C8F766001C423B /* Challenge.xcdatamodeld */,
				61412DA624C91C07001C423B /* ChallengeViewController.swift */,
				61412DA824C9B1C4001C423B /* TableViewController.swift */,
				61412DAA24C9B1E0001C423B /* ViewControllerWithTableView.swift */,
				61412DAC24C9B930001C423B /* CustomTableViewCell.swift */,
				61412DAD24C9B930001C423B /* CustomTableViewCell.xib */,
				61412DB024CB1BC5001C423B /* ParentProtocol.swift */,
				61412DE724CB544D001C423B /* SliderAndProgressBarViewController.swift */,
				61412DE924CB784B001C423B /* BuiltinBrowserViewController.swift */,
				61412DEB24CB9393001C423B /* CollectionViewController.swift */,
				61412DED24CB9406001C423B /* CustomCollectionViewCell.swift */,
				61412DEF24CC9B0F001C423B /* TabBarViewController.swift */,
			);
			path = Challenge;
			sourceTree = "<group>";
		};
		61412D6924C8F768001C423B /* ChallengeTests */ = {
			isa = PBXGroup;
			children = (
				61412D6A24C8F769001C423B /* ChallengeTests.swift */,
				61412D6C24C8F769001C423B /* Info.plist */,
			);
			path = ChallengeTests;
			sourceTree = "<group>";
		};
/* End PBXGroup section */

/* Begin PBXNativeTarget section */
		61412D4C24C8F766001C423B /* Challenge */ = {
			isa = PBXNativeTarget;
			buildConfigurationList = 61412D6F24C8F769001C423B /* Build configuration list for PBXNativeTarget "Challenge" */;
			buildPhases = (
				61412D4924C8F766001C423B /* Sources */,
				61412D4A24C8F766001C423B /* Frameworks */,
				61412D4B24C8F766001C423B /* Resources */,
			);
			buildRules = (
			);
			dependencies = (
			);
			name = Challenge;
			productName = Challenge;
			productReference = 61412D4D24C8F766001C423B /* Challenge.app */;
			productType = "com.apple.product-type.application";
		};
		61412D6524C8F768001C423B /* ChallengeTests */ = {
			isa = PBXNativeTarget;
			buildConfigurationList = 61412D7224C8F769001C423B /* Build configuration list for PBXNativeTarget "ChallengeTests" */;
			buildPhases = (
				61412D6224C8F768001C423B /* Sources */,
				61412D6324C8F768001C423B /* Frameworks */,
				61412D6424C8F768001C423B /* Resources */,
			);
			buildRules = (
			);
			dependencies = (
				61412D6824C8F768001C423B /* PBXTargetDependency */,
			);
			name = ChallengeTests;
			productName = ChallengeTests;
			productReference = 61412D6624C8F768001C423B /* ChallengeTests.xctest */;
			productType = "com.apple.product-type.bundle.unit-test";
		};
/* End PBXNativeTarget section */

/* Begin PBXProject section */
		61412D4524C8F766001C423B /* Project object */ = {
			isa = PBXProject;
			attributes = {
				LastSwiftUpdateCheck = 1120;
				LastUpgradeCheck = 1120;
				ORGANIZATIONNAME = Studying;
				TargetAttributes = {
					61412D4C24C8F766001C423B = {
						CreatedOnToolsVersion = 11.2.1;
					};
					61412D6524C8F768001C423B = {
						CreatedOnToolsVersion = 11.2.1;
						TestTargetID = 61412D4C24C8F766001C423B;
					};
				};
			};
			buildConfigurationList = 61412D4824C8F766001C423B /* Build configuration list for PBXProject "Challenge" */;
			compatibilityVersion = "Xcode 9.3";
			developmentRegion = en;
			hasScannedForEncodings = 0;
			knownRegions = (
				en,
				Base,
			);
			mainGroup = 61412D4424C8F766001C423B;
			productRefGroup = 61412D4E24C8F766001C423B /* Products */;
			projectDirPath = "";
			projectRoot = "";
			targets = (
				61412D4C24C8F766001C423B /* Challenge */,
				61412D6524C8F768001C423B /* ChallengeTests */,
			);
		};
/* End PBXProject section */

/* Begin PBXResourcesBuildPhase section */
		61412D4B24C8F766001C423B /* Resources */ = {
			isa = PBXResourcesBuildPhase;
			buildActionMask = 2147483647;
			files = (
				61412D6024C8F768001C423B /* LaunchScreen.storyboard in Resources */,
				61412D5D24C8F768001C423B /* Assets.xcassets in Resources */,
				61412DAF24C9B930001C423B /* CustomTableViewCell.xib in Resources */,
				61412D5824C8F766001C423B /* Main.storyboard in Resources */,
			);
			runOnlyForDeploymentPostprocessing = 0;
		};
		61412D6424C8F768001C423B /* Resources */ = {
			isa = PBXResourcesBuildPhase;
			buildActionMask = 2147483647;
			files = (
			);
			runOnlyForDeploymentPostprocessing = 0;
		};
/* End PBXResourcesBuildPhase section */

/* Begin PBXSourcesBuildPhase section */
		61412D4924C8F766001C423B /* Sources */ = {
			isa = PBXSourcesBuildPhase;
			buildActionMask = 2147483647;
			files = (
				61412DEC24CB9393001C423B /* CollectionViewController.swift in Sources */,
				61412D5524C8F766001C423B /* ViewController.swift in Sources */,
				61412DA924C9B1C4001C423B /* TableViewController.swift in Sources */,
				61412DEE24CB9406001C423B /* CustomCollectionViewCell.swift in Sources */,
				61412DF024CC9B0F001C423B /* TabBarViewController.swift in Sources */,
				61412DE824CB544D001C423B /* SliderAndProgressBarViewController.swift in Sources */,
				61412DAE24C9B930001C423B /* CustomTableViewCell.swift in Sources */,
				61412DB124CB1BC5001C423B /* ParentProtocol.swift in Sources */,
				61412DEA24CB784B001C423B /* BuiltinBrowserViewController.swift in Sources */,
				61412DA724C91C07001C423B /* ChallengeViewController.swift in Sources */,
				61412D5B24C8F766001C423B /* Challenge.xcdatamodeld in Sources */,
				61412D5124C8F766001C423B /* AppDelegate.swift in Sources */,
				61412D5324C8F766001C423B /* SceneDelegate.swift in Sources */,
				61412DAB24C9B1E0001C423B /* ViewControllerWithTableView.swift in Sources */,
			);
			runOnlyForDeploymentPostprocessing = 0;
		};
		61412D6224C8F768001C423B /* Sources */ = {
			isa = PBXSourcesBuildPhase;
			buildActionMask = 2147483647;
			files = (
				61412D6B24C8F769001C423B /* ChallengeTests.swift in Sources */,
			);
			runOnlyForDeploymentPostprocessing = 0;
		};
/* End PBXSourcesBuildPhase section */

/* Begin PBXTargetDependency section */
		61412D6824C8F768001C423B /* PBXTargetDependency */ = {
			isa = PBXTargetDependency;
			target = 61412D4C24C8F766001C423B /* Challenge */;
			targetProxy = 61412D6724C8F768001C423B /* PBXContainerItemProxy */;
		};
/* End PBXTargetDependency section */

/* Begin PBXVariantGroup section */
		61412D5624C8F766001C423B /* Main.storyboard */ = {
			isa = PBXVariantGroup;
			children = (
				61412D5724C8F766001C423B /* Base */,
			);
			name = Main.storyboard;
			sourceTree = "<group>";
		};
		61412D5E24C8F768001C423B /* LaunchScreen.storyboard */ = {
			isa = PBXVariantGroup;
			children = (
				61412D5F24C8F768001C423B /* Base */,
			);
			name = LaunchScreen.storyboard;
			sourceTree = "<group>";
		};
/* End PBXVariantGroup section */

/* Begin XCBuildConfiguration section */
		61412D6D24C8F769001C423B /* Debug */ = {
			isa = XCBuildConfiguration;
			buildSettings = {
				ALWAYS_SEARCH_USER_PATHS = NO;
				CLANG_ANALYZER_NONNULL = YES;
				CLANG_ANALYZER_NUMBER_OBJECT_CONVERSION = YES_AGGRESSIVE;
				CLANG_CXX_LANGUAGE_STANDARD = "gnu++14";
				CLANG_CXX_LIBRARY = "libc++";
				CLANG_ENABLE_MODULES = YES;
				CLANG_ENABLE_OBJC_ARC = YES;
				CLANG_ENABLE_OBJC_WEAK = YES;
				CLANG_WARN_BLOCK_CAPTURE_AUTORELEASING = YES;
				CLANG_WARN_BOOL_CONVERSION = YES;
				CLANG_WARN_COMMA = YES;
				CLANG_WARN_CONSTANT_CONVERSION = YES;
				CLANG_WARN_DEPRECATED_OBJC_IMPLEMENTATIONS = YES;
				CLANG_WARN_DIRECT_OBJC_ISA_USAGE = YES_ERROR;
				CLANG_WARN_DOCUMENTATION_COMMENTS = YES;
				CLANG_WARN_EMPTY_BODY = YES;
				CLANG_WARN_ENUM_CONVERSION = YES;
				CLANG_WARN_INFINITE_RECURSION = YES;
				CLANG_WARN_INT_CONVERSION = YES;
				CLANG_WARN_NON_LITERAL_NULL_CONVERSION = YES;
				CLANG_WARN_OBJC_IMPLICIT_RETAIN_SELF = YES;
				CLANG_WARN_OBJC_LITERAL_CONVERSION = YES;
				CLANG_WARN_OBJC_ROOT_CLASS = YES_ERROR;
				CLANG_WARN_RANGE_LOOP_ANALYSIS = YES;
				CLANG_WARN_STRICT_PROTOTYPES = YES;
				CLANG_WARN_SUSPICIOUS_MOVE = YES;
				CLANG_WARN_UNGUARDED_AVAILABILITY = YES_AGGRESSIVE;
				CLANG_WARN_UNREACHABLE_CODE = YES;
				CLANG_WARN__DUPLICATE_METHOD_MATCH = YES;
				COPY_PHASE_STRIP = NO;
				DEBUG_INFORMATION_FORMAT = dwarf;
				ENABLE_STRICT_OBJC_MSGSEND = YES;
				ENABLE_TESTABILITY = YES;
				GCC_C_LANGUAGE_STANDARD = gnu11;
				GCC_DYNAMIC_NO_PIC = NO;
				GCC_NO_COMMON_BLOCKS = YES;
				GCC_OPTIMIZATION_LEVEL = 0;
				GCC_PREPROCESSOR_DEFINITIONS = (
					"DEBUG=1",
					"$(inherited)",
				);
				GCC_WARN_64_TO_32_BIT_CONVERSION = YES;
				GCC_WARN_ABOUT_RETURN_TYPE = YES_ERROR;
				GCC_WARN_UNDECLARED_SELECTOR = YES;
				GCC_WARN_UNINITIALIZED_AUTOS = YES_AGGRESSIVE;
				GCC_WARN_UNUSED_FUNCTION = YES;
				GCC_WARN_UNUSED_VARIABLE = YES;
				IPHONEOS_DEPLOYMENT_TARGET = 13.2;
				MTL_ENABLE_DEBUG_INFO = INCLUDE_SOURCE;
				MTL_FAST_MATH = YES;
				ONLY_ACTIVE_ARCH = YES;
				SDKROOT = iphoneos;
				SWIFT_ACTIVE_COMPILATION_CONDITIONS = DEBUG;
				SWIFT_OPTIMIZATION_LEVEL = "-Onone";
			};
			name = Debug;
		};
		61412D6E24C8F769001C423B /* Release */ = {
			isa = XCBuildConfiguration;
			buildSettings = {
				ALWAYS_SEARCH_USER_PATHS = NO;
				CLANG_ANALYZER_NONNULL = YES;
				CLANG_ANALYZER_NUMBER_OBJECT_CONVERSION = YES_AGGRESSIVE;
				CLANG_CXX_LANGUAGE_STANDARD = "gnu++14";
				CLANG_CXX_LIBRARY = "libc++";
				CLANG_ENABLE_MODULES = YES;
				CLANG_ENABLE_OBJC_ARC = YES;
				CLANG_ENABLE_OBJC_WEAK = YES;
				CLANG_WARN_BLOCK_CAPTURE_AUTORELEASING = YES;
				CLANG_WARN_BOOL_CONVERSION = YES;
				CLANG_WARN_COMMA = YES;
				CLANG_WARN_CONSTANT_CONVERSION = YES;
				CLANG_WARN_DEPRECATED_OBJC_IMPLEMENTATIONS = YES;
				CLANG_WARN_DIRECT_OBJC_ISA_USAGE = YES_ERROR;
				CLANG_WARN_DOCUMENTATION_COMMENTS = YES;
				CLANG_WARN_EMPTY_BODY = YES;
				CLANG_WARN_ENUM_CONVERSION = YES;
				CLANG_WARN_INFINITE_RECURSION = YES;
				CLANG_WARN_INT_CONVERSION = YES;
				CLANG_WARN_NON_LITERAL_NULL_CONVERSION = YES;
				CLANG_WARN_OBJC_IMPLICIT_RETAIN_SELF = YES;
				CLANG_WARN_OBJC_LITERAL_CONVERSION = YES;
				CLANG_WARN_OBJC_ROOT_CLASS = YES_ERROR;
				CLANG_WARN_RANGE_LOOP_ANALYSIS = YES;
				CLANG_WARN_STRICT_PROTOTYPES = YES;
				CLANG_WARN_SUSPICIOUS_MOVE = YES;
				CLANG_WARN_UNGUARDED_AVAILABILITY = YES_AGGRESSIVE;
				CLANG_WARN_UNREACHABLE_CODE = YES;
				CLANG_WARN__DUPLICATE_METHOD_MATCH = YES;
				COPY_PHASE_STRIP = NO;
				DEBUG_INFORMATION_FORMAT = "dwarf-with-dsym";
				ENABLE_NS_ASSERTIONS = NO;
				ENABLE_STRICT_OBJC_MSGSEND = YES;
				GCC_C_LANGUAGE_STANDARD = gnu11;
				GCC_NO_COMMON_BLOCKS = YES;
				GCC_WARN_64_TO_32_BIT_CONVERSION = YES;
				GCC_WARN_ABOUT_RETURN_TYPE = YES_ERROR;
				GCC_WARN_UNDECLARED_SELECTOR = YES;
				GCC_WARN_UNINITIALIZED_AUTOS = YES_AGGRESSIVE;
				GCC_WARN_UNUSED_FUNCTION = YES;
				GCC_WARN_UNUSED_VARIABLE = YES;
				IPHONEOS_DEPLOYMENT_TARGET = 13.2;
				MTL_ENABLE_DEBUG_INFO = NO;
				MTL_FAST_MATH = YES;
				SDKROOT = iphoneos;
				SWIFT_COMPILATION_MODE = wholemodule;
				SWIFT_OPTIMIZATION_LEVEL = "-O";
				VALIDATE_PRODUCT = YES;
			};
			name = Release;
		};
		61412D7024C8F769001C423B /* Debug */ = {
			isa = XCBuildConfiguration;
			buildSettings = {
				ASSETCATALOG_COMPILER_APPICON_NAME = AppIcon;
				CODE_SIGN_STYLE = Automatic;
				INFOPLIST_FILE = Challenge/Info.plist;
				LD_RUNPATH_SEARCH_PATHS = (
					"$(inherited)",
					"@executable_path/Frameworks",
				);
				PRODUCT_BUNDLE_IDENTIFIER = com.selfstudy.Challenge;
				PRODUCT_NAME = "$(TARGET_NAME)";
				SWIFT_VERSION = 5.0;
				TARGETED_DEVICE_FAMILY = "1,2";
			};
			name = Debug;
		};
		61412D7124C8F769001C423B /* Release */ = {
			isa = XCBuildConfiguration;
			buildSettings = {
				ASSETCATALOG_COMPILER_APPICON_NAME = AppIcon;
				CODE_SIGN_STYLE = Automatic;
				INFOPLIST_FILE = Challenge/Info.plist;
				LD_RUNPATH_SEARCH_PATHS = (
					"$(inherited)",
					"@executable_path/Frameworks",
				);
				PRODUCT_BUNDLE_IDENTIFIER = com.selfstudy.Challenge;
				PRODUCT_NAME = "$(TARGET_NAME)";
				SWIFT_VERSION = 5.0;
				TARGETED_DEVICE_FAMILY = "1,2";
			};
			name = Release;
		};
		61412D7324C8F769001C423B /* Debug */ = {
			isa = XCBuildConfiguration;
			buildSettings = {
				ALWAYS_EMBED_SWIFT_STANDARD_LIBRARIES = YES;
				BUNDLE_LOADER = "$(TEST_HOST)";
				CODE_SIGN_STYLE = Automatic;
				INFOPLIST_FILE = ChallengeTests/Info.plist;
				IPHONEOS_DEPLOYMENT_TARGET = 13.2;
				LD_RUNPATH_SEARCH_PATHS = (
					"$(inherited)",
					"@executable_path/Frameworks",
					"@loader_path/Frameworks",
				);
				PRODUCT_BUNDLE_IDENTIFIER = com.selfstudy.ChallengeTests;
				PRODUCT_NAME = "$(TARGET_NAME)";
				SWIFT_VERSION = 5.0;
				TARGETED_DEVICE_FAMILY = "1,2";
				TEST_HOST = "$(BUILT_PRODUCTS_DIR)/Challenge.app/Challenge";
			};
			name = Debug;
		};
		61412D7424C8F769001C423B /* Release */ = {
			isa = XCBuildConfiguration;
			buildSettings = {
				ALWAYS_EMBED_SWIFT_STANDARD_LIBRARIES = YES;
				BUNDLE_LOADER = "$(TEST_HOST)";
				CODE_SIGN_STYLE = Automatic;
				INFOPLIST_FILE = ChallengeTests/Info.plist;
				IPHONEOS_DEPLOYMENT_TARGET = 13.2;
				LD_RUNPATH_SEARCH_PATHS = (
					"$(inherited)",
					"@executable_path/Frameworks",
					"@loader_path/Frameworks",
				);
				PRODUCT_BUNDLE_IDENTIFIER = com.selfstudy.ChallengeTests;
				PRODUCT_NAME = "$(TARGET_NAME)";
				SWIFT_VERSION = 5.0;
				TARGETED_DEVICE_FAMILY = "1,2";
				TEST_HOST = "$(BUILT_PRODUCTS_DIR)/Challenge.app/Challenge";
			};
			name = Release;
		};
/* End XCBuildConfiguration section */

/* Begin XCConfigurationList section */
		61412D4824C8F766001C423B /* Build configuration list for PBXProject "Challenge" */ = {
			isa = XCConfigurationList;
			buildConfigurations = (
				61412D6D24C8F769001C423B /* Debug */,
				61412D6E24C8F769001C423B /* Release */,
			);
			defaultConfigurationIsVisible = 0;
			defaultConfigurationName = Release;
		};
		61412D6F24C8F769001C423B /* Build configuration list for PBXNativeTarget "Challenge" */ = {
			isa = XCConfigurationList;
			buildConfigurations = (
				61412D7024C8F769001C423B /* Debug */,
				61412D7124C8F769001C423B /* Release */,
			);
			defaultConfigurationIsVisible = 0;
			defaultConfigurationName = Release;
		};
		61412D7224C8F769001C423B /* Build configuration list for PBXNativeTarget "ChallengeTests" */ = {
			isa = XCConfigurationList;
			buildConfigurations = (
				61412D7324C8F769001C423B /* Debug */,
				61412D7424C8F769001C423B /* Release */,
			);
			defaultConfigurationIsVisible = 0;
			defaultConfigurationName = Release;
		};
/* End XCConfigurationList section */

/* Begin XCVersionGroup section */
		61412D5924C8F766001C423B /* Challenge.xcdatamodeld */ = {
			isa = XCVersionGroup;
			children = (
				61412D5A24C8F766001C423B /* Challenge.xcdatamodel */,
			);
			currentVersion = 61412D5A24C8F766001C423B /* Challenge.xcdatamodel */;
			path = Challenge.xcdatamodeld;
			sourceTree = "<group>";
			versionGroupType = wrapper.xcdatamodel;
		};
/* End XCVersionGroup section */
	};
	rootObject = 61412D4524C8F766001C423B /* Project object */;
}
